
Microsoft Visual Studio Solution File, Format Version 12.00
# Visual Studio Version 17
VisualStudioVersion = 17.2.32616.157
MinimumVisualStudioVersion = 10.0.40219.1
Project("{9A19103F-16F7-4668-BE54-9A1E7A4F7556}") = "ASPtest", "ASPtest\ASPtest.csproj", "{42840C08-A693-4E68-9E6A-6D405A868297}"
EndProject
Project("{9A19103F-16F7-4668-BE54-9A1E7A4F7556}") = "OdeToFood.Core", "OdeToFood.Core\OdeToFood.Core.csproj", "{A70D6EFB-3482-4F5C-ACC4-90E5819EECA3}"
EndProject
Project("{9A19103F-16F7-4668-BE54-9A1E7A4F7556}") = "OdeToFood.Data", "OdeToFood.Data\OdeToFood.Data.csproj", "{BE866539-5AAF-4DEF-85E2-733E79EB6467}"
EndProject
Global
	GlobalSection(SolutionConfigurationPlatforms) = preSolution
		Debug|Any CPU = Debug|Any CPU
		Release|Any CPU = Release|Any CPU
	EndGlobalSection
	GlobalSection(ProjectConfigurationPlatforms) = postSolution
		{42840C08-A693-4E68-9E6A-6D405A868297}.Debug|Any CPU.ActiveCfg = Debug|Any CPU
		{42840C08-A693-4E68-9E6A-6D405A868297}.Debug|Any CPU.Build.0 = Debug|Any CPU
		{42840C08-A693-4E68-9E6A-6D405A868297}.Release|Any CPU.ActiveCfg = Release|Any CPU
		{42840C08-A693-4E68-9E6A-6D405A868297}.Release|Any CPU.Build.0 = Release|Any CPU
		{A70D6EFB-3482-4F5C-ACC4-90E5819EECA3}.Debug|Any CPU.ActiveCfg = Debug|Any CPU
		{A70D6EFB-3482-4F5C-ACC4-90E5819EECA3}.Debug|Any CPU.Build.0 = Debug|Any CPU
		{A70D6EFB-3482-4F5C-ACC4-90E5819EECA3}.Release|Any CPU.ActiveCfg = Release|Any CPU
		{A70D6EFB-3482-4F5C-ACC4-90E5819EECA3}.Release|Any CPU.Build.0 = Release|Any CPU
		{BE866539-5AAF-4DEF-85E2-733E79EB6467}.Debug|Any CPU.ActiveCfg = Debug|Any CPU
		{BE866539-5AAF-4DEF-85E2-733E79EB6467}.Debug|Any CPU.Build.0 = Debug|Any CPU
		{BE866539-5AAF-4DEF-85E2-733E79EB6467}.Release|Any CPU.ActiveCfg = Release|Any CPU
		{BE866539-5AAF-4DEF-85E2-733E79EB6467}.Release|Any CPU.Build.0 = Release|Any CPU
	EndGlobalSection
	GlobalSection(SolutionProperties) = preSolution
		HideSolutionNode = FALSE
	EndGlobalSection
	GlobalSection(ExtensibilityGlobals) = postSolution
		SolutionGuid = {F0FC50C5-2BF6-4986-874D-0875602A890C}
	EndGlobalSection
EndGlobal
