
Microsoft Visual Studio Solution File, Format Version 12.00
# Visual Studio Version 17
VisualStudioVersion = 17.2.32616.157
MinimumVisualStudioVersion = 10.0.40219.1
Project("{FAE04EC0-301F-11D3-BF4B-00C04F79EFBC}") = "ASPtest", "ASPtest\ASPtest.csproj", "{42840C08-A693-4E68-9E6A-6D405A868297}"
EndProject
Global
	GlobalSection(SolutionConfigurationPlatforms) = preSolution
		Debug|Any CPU = Debug|Any CPU
		Release|Any CPU = Release|Any CPU
	EndGlobalSection
	GlobalSection(ProjectConfigurationPlatforms) = postSolution
		{42840C08-A693-4E68-9E6A-6D405A868297}.Debug|Any CPU.ActiveCfg = Debug|Any CPU
		{42840C08-A693-4E68-9E6A-6D405A868297}.Debug|Any CPU.Build.0 = Debug|Any CPU
		{42840C08-A693-4E68-9E6A-6D405A868297}.Release|Any CPU.ActiveCfg = Release|Any CPU
		{42840C08-A693-4E68-9E6A-6D405A868297}.Release|Any CPU.Build.0 = Release|Any CPU
	EndGlobalSection
	GlobalSection(SolutionProperties) = preSolution
		HideSolutionNode = FALSE
	EndGlobalSection
	GlobalSection(ExtensibilityGlobals) = postSolution
		SolutionGuid = {F0FC50C5-2BF6-4986-874D-0875602A890C}
	EndGlobalSection
EndGlobal
